
Microsoft Visual Studio Solution File, Format Version 12.00
# Visual Studio 15
VisualStudioVersion = 15.0.27428.2027
MinimumVisualStudioVersion = 10.0.40219.1
Project("{FAE04EC0-301F-11D3-BF4B-00C04F79EFBC}") = "OOP", "OOP\OOP.csproj", "{328543EB-A2E7-4AA3-9108-DF71F734D126}"
EndProject
Global
	GlobalSection(SolutionConfigurationPlatforms) = preSolution
		Debug|Any CPU = Debug|Any CPU
		Release|Any CPU = Release|Any CPU
	EndGlobalSection
	GlobalSection(ProjectConfigurationPlatforms) = postSolution
		{328543EB-A2E7-4AA3-9108-DF71F734D126}.Debug|Any CPU.ActiveCfg = Debug|Any CPU
		{328543EB-A2E7-4AA3-9108-DF71F734D126}.Debug|Any CPU.Build.0 = Debug|Any CPU
		{328543EB-A2E7-4AA3-9108-DF71F734D126}.Release|Any CPU.ActiveCfg = Release|Any CPU
		{328543EB-A2E7-4AA3-9108-DF71F734D126}.Release|Any CPU.Build.0 = Release|Any CPU
	EndGlobalSection
	GlobalSection(SolutionProperties) = preSolution
		HideSolutionNode = FALSE
	EndGlobalSection
	GlobalSection(ExtensibilityGlobals) = postSolution
		SolutionGuid = {4D25B1AD-3F70-4EA1-8C59-141AA2F852AA}
	EndGlobalSection
EndGlobal
